
Microsoft Visual Studio Solution File, Format Version 12.00
# Visual Studio 15
VisualStudioVersion = 15.0.27703.2026
MinimumVisualStudioVersion = 10.0.40219.1
Project("{9A19103F-16F7-4668-BE54-9A1E7A4F7556}") = "Rethought.Perspective", "Rethought.Perspective\Rethought.Perspective.csproj", "{9C0040D2-7673-4BEB-9181-279235ED5E48}"
EndProject
Global
	GlobalSection(SolutionConfigurationPlatforms) = preSolution
		Debug|Any CPU = Debug|Any CPU
		Release|Any CPU = Release|Any CPU
	EndGlobalSection
	GlobalSection(ProjectConfigurationPlatforms) = postSolution
		{9C0040D2-7673-4BEB-9181-279235ED5E48}.Debug|Any CPU.ActiveCfg = Debug|Any CPU
		{9C0040D2-7673-4BEB-9181-279235ED5E48}.Debug|Any CPU.Build.0 = Debug|Any CPU
		{9C0040D2-7673-4BEB-9181-279235ED5E48}.Release|Any CPU.ActiveCfg = Release|Any CPU
		{9C0040D2-7673-4BEB-9181-279235ED5E48}.Release|Any CPU.Build.0 = Release|Any CPU
	EndGlobalSection
	GlobalSection(SolutionProperties) = preSolution
		HideSolutionNode = FALSE
	EndGlobalSection
	GlobalSection(ExtensibilityGlobals) = postSolution
		SolutionGuid = {EF688E47-D1E1-456E-8861-CD9D7590DA81}
	EndGlobalSection
EndGlobal
